// !$*UTF8*$!
{
	archiveVersion = 1;
	classes = {
	};
	objectVersion = 56;
	objects = {

/* Begin PBXBuildFile section */
		C035679929B6F5BD00C16DFA /* main.swift in Sources */ = {isa = PBXBuildFile; fileRef = C035679829B6F5BD00C16DFA /* main.swift */; };
		C03567A129B6F5EF00C16DFA /* Example.swift in Sources */ = {isa = PBXBuildFile; fileRef = C03567A029B6F5EF00C16DFA /* Example.swift */; };
		C03567A429B6F63F00C16DFA /* 441_ArrangingCoins.swift in Sources */ = {isa = PBXBuildFile; fileRef = C03567A329B6F63F00C16DFA /* 441_ArrangingCoins.swift */; };
		C03567A629B6F6F400C16DFA /* 107_BinaryTreeLevelOrderTraversalII.swift in Sources */ = {isa = PBXBuildFile; fileRef = C03567A529B6F6F400C16DFA /* 107_BinaryTreeLevelOrderTraversalII.swift */; };
		C03567A929B6F76000C16DFA /* TreeNode.swift in Sources */ = {isa = PBXBuildFile; fileRef = C03567A829B6F76000C16DFA /* TreeNode.swift */; };
		C03567AB29B6F7BE00C16DFA /* Queue.swift in Sources */ = {isa = PBXBuildFile; fileRef = C03567AA29B6F7BE00C16DFA /* Queue.swift */; };
		C03567AD29B6F81700C16DFA /* Stack.swift in Sources */ = {isa = PBXBuildFile; fileRef = C03567AC29B6F81700C16DFA /* Stack.swift */; };
		C03567AF29B6F87800C16DFA /* 957_PrisonCellsAfterNDays.swift in Sources */ = {isa = PBXBuildFile; fileRef = C03567AE29B6F87800C16DFA /* 957_PrisonCellsAfterNDays.swift */; };
		C0392B9D29E7A6B300D14C10 /* 190_ReverseBits.swift in Sources */ = {isa = PBXBuildFile; fileRef = C0392B9C29E7A6B300D14C10 /* 190_ReverseBits.swift */; };
		C0392B9F29E7A6CA00D14C10 /* 100_SameTree.swift in Sources */ = {isa = PBXBuildFile; fileRef = C0392B9E29E7A6CA00D14C10 /* 100_SameTree.swift */; };
		C0392BA129E7A73C00D14C10 /* 1344_AngleBetweenHandsOfAClock.swift in Sources */ = {isa = PBXBuildFile; fileRef = C0392BA029E7A73C00D14C10 /* 1344_AngleBetweenHandsOfAClock.swift */; };
		C07FACFC29F2B771001369FD /* 151_ReverseWordsInAString.swift in Sources */ = {isa = PBXBuildFile; fileRef = C07FACFB29F2B771001369FD /* 151_ReverseWordsInAString.swift */; };
		C07FACFE29F2B786001369FD /* 50_Pow(x,n).swift in Sources */ = {isa = PBXBuildFile; fileRef = C07FACFD29F2B786001369FD /* 50_Pow(x,n).swift */; };
		C0BDFCEE2A0C0330001804B3 /* 347_TopKFrequentElements.swift in Sources */ = {isa = PBXBuildFile; fileRef = C0BDFCED2A0C0330001804B3 /* 347_TopKFrequentElements.swift */; };
		C0BDFCF02A0C03A9001804B3 /* 210_CourseScheduleII.swift in Sources */ = {isa = PBXBuildFile; fileRef = C0BDFCEF2A0C03A9001804B3 /* 210_CourseScheduleII.swift */; };
		C0BDFCF22A0C040E001804B3 /* 67_AddBinary.swift in Sources */ = {isa = PBXBuildFile; fileRef = C0BDFCF12A0C040E001804B3 /* 67_AddBinary.swift */; };
		C0BDFCF42A0C054C001804B3 /* 203_RemoveLinkedListElements.swift in Sources */ = {isa = PBXBuildFile; fileRef = C0BDFCF32A0C054C001804B3 /* 203_RemoveLinkedListElements.swift */; };
		C0BDFCF62A0C0603001804B3 /* ListNode.swift in Sources */ = {isa = PBXBuildFile; fileRef = C0BDFCF52A0C0603001804B3 /* ListNode.swift */; };
		C0BDFCF82A0C063C001804B3 /* 79_WordSearch.swift in Sources */ = {isa = PBXBuildFile; fileRef = C0BDFCF72A0C063C001804B3 /* 79_WordSearch.swift */; };
		C0BDFCFA2A0C06AC001804B3 /* 103_BinaryTreeZigzagLevelOrderTraversal.swift in Sources */ = {isa = PBXBuildFile; fileRef = C0BDFCF92A0C06AC001804B3 /* 103_BinaryTreeZigzagLevelOrderTraversal.swift */; };
		C0BDFCFC2A0C0737001804B3 /* 260_SingleNumberIII.swift in Sources */ = {isa = PBXBuildFile; fileRef = C0BDFCFB2A0C0737001804B3 /* 260_SingleNumberIII.swift */; };
		C0BDFCFE2A0C07BD001804B3 /* 797_AllPathsFromSourceToTarget.swift in Sources */ = {isa = PBXBuildFile; fileRef = C0BDFCFD2A0C07BD001804B3 /* 797_AllPathsFromSourceToTarget.swift */; };
		C0BDFD002A0C0835001804B3 /* 154_FindMinimumInRotatedSortedArrayII.swift in Sources */ = {isa = PBXBuildFile; fileRef = C0BDFCFF2A0C0835001804B3 /* 154_FindMinimumInRotatedSortedArrayII.swift */; };
		C0BDFD022A0C089B001804B3 /* 258_AddDigits.swift in Sources */ = {isa = PBXBuildFile; fileRef = C0BDFD012A0C089B001804B3 /* 258_AddDigits.swift */; };
		C0BDFD042A0C0911001804B3 /* 106_ConstructBinaryTreeFromInorderAndPostorderTraversal.swift in Sources */ = {isa = PBXBuildFile; fileRef = C0BDFD032A0C0911001804B3 /* 106_ConstructBinaryTreeFromInorderAndPostorderTraversal.swift */; };
		C0BDFD062A0C0978001804B3 /* 621_TaskScheduler.swift in Sources */ = {isa = PBXBuildFile; fileRef = C0BDFD052A0C0978001804B3 /* 621_TaskScheduler.swift */; };
		C0BDFD082A0C09E6001804B3 /* 309_BestTimeToBuyAndSellStockWithCooldown.swift in Sources */ = {isa = PBXBuildFile; fileRef = C0BDFD072A0C09E6001804B3 /* 309_BestTimeToBuyAndSellStockWithCooldown.swift */; };
		C0BDFD0A2A0C0A54001804B3 /* Heap.swift in Sources */ = {isa = PBXBuildFile; fileRef = C0BDFD092A0C0A54001804B3 /* Heap.swift */; };
		C0BDFD0C2A0C0A5E001804B3 /* PriorityQueue.swift in Sources */ = {isa = PBXBuildFile; fileRef = C0BDFD0B2A0C0A5E001804B3 /* PriorityQueue.swift */; };
		C0BDFD0E2A0C0AB5001804B3 /* 140_WordBreakII.swift in Sources */ = {isa = PBXBuildFile; fileRef = C0BDFD0D2A0C0AB5001804B3 /* 140_WordBreakII.swift */; };
		C0BDFD102A0C0B0E001804B3 /* 70_ClimbingStairs.swift in Sources */ = {isa = PBXBuildFile; fileRef = C0BDFD0F2A0C0B0E001804B3 /* 70_ClimbingStairs.swift */; };
		C0C5EDD329E1A68500208705 /* 430_FlattenAMultilevelDoublyLinkedList.swift in Sources */ = {isa = PBXBuildFile; fileRef = C0C5EDD229E1A68500208705 /* 430_FlattenAMultilevelDoublyLinkedList.swift */; };
		C0C5EDD529E1A83600208705 /* 78_Subsets.swift in Sources */ = {isa = PBXBuildFile; fileRef = C0C5EDD429E1A83600208705 /* 78_Subsets.swift */; };
		C0F5315229C5DBD600853B8C /* 264_UglyNumberII.swift in Sources */ = {isa = PBXBuildFile; fileRef = C0F5315129C5DBD600853B8C /* 264_UglyNumberII.swift */; };
		C0F5315429C5DBEA00853B8C /* 461_HammingDistance.swift in Sources */ = {isa = PBXBuildFile; fileRef = C0F5315329C5DBEA00853B8C /* 461_HammingDistance.swift */; };
		C0F5315629C5DBFD00853B8C /* 66_PlusOne.swift in Sources */ = {isa = PBXBuildFile; fileRef = C0F5315529C5DBFD00853B8C /* 66_PlusOne.swift */; };
		C0F5315829C5DC1700853B8C /* 463_IslandPerimeter.swift in Sources */ = {isa = PBXBuildFile; fileRef = C0F5315729C5DC1700853B8C /* 463_IslandPerimeter.swift */; };
		C0F5317029C8C87E00853B8C /* 15_3Sum.swift in Sources */ = {isa = PBXBuildFile; fileRef = C0F5316F29C8C87E00853B8C /* 15_3Sum.swift */; };
		C0F5317229C8C96400853B8C /* 662_MaximumWidthOfBinaryTree.swift in Sources */ = {isa = PBXBuildFile; fileRef = C0F5317129C8C96300853B8C /* 662_MaximumWidthOfBinaryTree.swift */; };
/* End PBXBuildFile section */

/* Begin PBXCopyFilesBuildPhase section */
		C035679329B6F5BD00C16DFA /* CopyFiles */ = {
			isa = PBXCopyFilesBuildPhase;
			buildActionMask = 2147483647;
			dstPath = /usr/share/man/man1/;
			dstSubfolderSpec = 0;
			files = (
			);
			runOnlyForDeploymentPostprocessing = 1;
		};
/* End PBXCopyFilesBuildPhase section */

/* Begin PBXFileReference section */
		C035679529B6F5BD00C16DFA /* 30Plus */ = {isa = PBXFileReference; explicitFileType = "compiled.mach-o.executable"; includeInIndex = 0; path = 30Plus; sourceTree = BUILT_PRODUCTS_DIR; };
		C035679829B6F5BD00C16DFA /* main.swift */ = {isa = PBXFileReference; lastKnownFileType = sourcecode.swift; path = main.swift; sourceTree = "<group>"; };
		C03567A029B6F5EF00C16DFA /* Example.swift */ = {isa = PBXFileReference; lastKnownFileType = sourcecode.swift; path = Example.swift; sourceTree = "<group>"; };
		C03567A329B6F63F00C16DFA /* 441_ArrangingCoins.swift */ = {isa = PBXFileReference; lastKnownFileType = sourcecode.swift; path = 441_ArrangingCoins.swift; sourceTree = "<group>"; };
		C03567A529B6F6F400C16DFA /* 107_BinaryTreeLevelOrderTraversalII.swift */ = {isa = PBXFileReference; lastKnownFileType = sourcecode.swift; path = 107_BinaryTreeLevelOrderTraversalII.swift; sourceTree = "<group>"; };
		C03567A829B6F76000C16DFA /* TreeNode.swift */ = {isa = PBXFileReference; lastKnownFileType = sourcecode.swift; path = TreeNode.swift; sourceTree = "<group>"; };
		C03567AA29B6F7BE00C16DFA /* Queue.swift */ = {isa = PBXFileReference; lastKnownFileType = sourcecode.swift; path = Queue.swift; sourceTree = "<group>"; };
		C03567AC29B6F81700C16DFA /* Stack.swift */ = {isa = PBXFileReference; lastKnownFileType = sourcecode.swift; path = Stack.swift; sourceTree = "<group>"; };
		C03567AE29B6F87800C16DFA /* 957_PrisonCellsAfterNDays.swift */ = {isa = PBXFileReference; lastKnownFileType = sourcecode.swift; path = 957_PrisonCellsAfterNDays.swift; sourceTree = "<group>"; };
		C0392B9C29E7A6B300D14C10 /* 190_ReverseBits.swift */ = {isa = PBXFileReference; lastKnownFileType = sourcecode.swift; path = 190_ReverseBits.swift; sourceTree = "<group>"; };
		C0392B9E29E7A6CA00D14C10 /* 100_SameTree.swift */ = {isa = PBXFileReference; lastKnownFileType = sourcecode.swift; path = 100_SameTree.swift; sourceTree = "<group>"; };
		C0392BA029E7A73C00D14C10 /* 1344_AngleBetweenHandsOfAClock.swift */ = {isa = PBXFileReference; lastKnownFileType = sourcecode.swift; path = 1344_AngleBetweenHandsOfAClock.swift; sourceTree = "<group>"; };
		C07FACFB29F2B771001369FD /* 151_ReverseWordsInAString.swift */ = {isa = PBXFileReference; lastKnownFileType = sourcecode.swift; path = 151_ReverseWordsInAString.swift; sourceTree = "<group>"; };
		C07FACFD29F2B786001369FD /* 50_Pow(x,n).swift */ = {isa = PBXFileReference; lastKnownFileType = sourcecode.swift; path = "50_Pow(x,n).swift"; sourceTree = "<group>"; };
		C0BDFCED2A0C0330001804B3 /* 347_TopKFrequentElements.swift */ = {isa = PBXFileReference; lastKnownFileType = sourcecode.swift; path = 347_TopKFrequentElements.swift; sourceTree = "<group>"; };
		C0BDFCEF2A0C03A9001804B3 /* 210_CourseScheduleII.swift */ = {isa = PBXFileReference; lastKnownFileType = sourcecode.swift; path = 210_CourseScheduleII.swift; sourceTree = "<group>"; };
		C0BDFCF12A0C040E001804B3 /* 67_AddBinary.swift */ = {isa = PBXFileReference; lastKnownFileType = sourcecode.swift; path = 67_AddBinary.swift; sourceTree = "<group>"; };
		C0BDFCF32A0C054C001804B3 /* 203_RemoveLinkedListElements.swift */ = {isa = PBXFileReference; lastKnownFileType = sourcecode.swift; path = 203_RemoveLinkedListElements.swift; sourceTree = "<group>"; };
		C0BDFCF52A0C0603001804B3 /* ListNode.swift */ = {isa = PBXFileReference; lastKnownFileType = sourcecode.swift; path = ListNode.swift; sourceTree = "<group>"; };
		C0BDFCF72A0C063C001804B3 /* 79_WordSearch.swift */ = {isa = PBXFileReference; lastKnownFileType = sourcecode.swift; path = 79_WordSearch.swift; sourceTree = "<group>"; };
		C0BDFCF92A0C06AC001804B3 /* 103_BinaryTreeZigzagLevelOrderTraversal.swift */ = {isa = PBXFileReference; lastKnownFileType = sourcecode.swift; path = 103_BinaryTreeZigzagLevelOrderTraversal.swift; sourceTree = "<group>"; };
		C0BDFCFB2A0C0737001804B3 /* 260_SingleNumberIII.swift */ = {isa = PBXFileReference; lastKnownFileType = sourcecode.swift; path = 260_SingleNumberIII.swift; sourceTree = "<group>"; };
		C0BDFCFD2A0C07BD001804B3 /* 797_AllPathsFromSourceToTarget.swift */ = {isa = PBXFileReference; lastKnownFileType = sourcecode.swift; path = 797_AllPathsFromSourceToTarget.swift; sourceTree = "<group>"; };
		C0BDFCFF2A0C0835001804B3 /* 154_FindMinimumInRotatedSortedArrayII.swift */ = {isa = PBXFileReference; lastKnownFileType = sourcecode.swift; path = 154_FindMinimumInRotatedSortedArrayII.swift; sourceTree = "<group>"; };
		C0BDFD012A0C089B001804B3 /* 258_AddDigits.swift */ = {isa = PBXFileReference; lastKnownFileType = sourcecode.swift; path = 258_AddDigits.swift; sourceTree = "<group>"; };
		C0BDFD032A0C0911001804B3 /* 106_ConstructBinaryTreeFromInorderAndPostorderTraversal.swift */ = {isa = PBXFileReference; lastKnownFileType = sourcecode.swift; path = 106_ConstructBinaryTreeFromInorderAndPostorderTraversal.swift; sourceTree = "<group>"; };
		C0BDFD052A0C0978001804B3 /* 621_TaskScheduler.swift */ = {isa = PBXFileReference; lastKnownFileType = sourcecode.swift; path = 621_TaskScheduler.swift; sourceTree = "<group>"; };
		C0BDFD072A0C09E6001804B3 /* 309_BestTimeToBuyAndSellStockWithCooldown.swift */ = {isa = PBXFileReference; lastKnownFileType = sourcecode.swift; path = 309_BestTimeToBuyAndSellStockWithCooldown.swift; sourceTree = "<group>"; };
		C0BDFD092A0C0A54001804B3 /* Heap.swift */ = {isa = PBXFileReference; fileEncoding = 4; lastKnownFileType = sourcecode.swift; path = Heap.swift; sourceTree = "<group>"; };
		C0BDFD0B2A0C0A5E001804B3 /* PriorityQueue.swift */ = {isa = PBXFileReference; fileEncoding = 4; lastKnownFileType = sourcecode.swift; path = PriorityQueue.swift; sourceTree = "<group>"; };
		C0BDFD0D2A0C0AB5001804B3 /* 140_WordBreakII.swift */ = {isa = PBXFileReference; lastKnownFileType = sourcecode.swift; path = 140_WordBreakII.swift; sourceTree = "<group>"; };
		C0BDFD0F2A0C0B0E001804B3 /* 70_ClimbingStairs.swift */ = {isa = PBXFileReference; lastKnownFileType = sourcecode.swift; path = 70_ClimbingStairs.swift; sourceTree = "<group>"; };
		C0C5EDD229E1A68500208705 /* 430_FlattenAMultilevelDoublyLinkedList.swift */ = {isa = PBXFileReference; lastKnownFileType = sourcecode.swift; path = 430_FlattenAMultilevelDoublyLinkedList.swift; sourceTree = "<group>"; };
		C0C5EDD429E1A83600208705 /* 78_Subsets.swift */ = {isa = PBXFileReference; lastKnownFileType = sourcecode.swift; path = 78_Subsets.swift; sourceTree = "<group>"; };
		C0F5315129C5DBD600853B8C /* 264_UglyNumberII.swift */ = {isa = PBXFileReference; lastKnownFileType = sourcecode.swift; path = 264_UglyNumberII.swift; sourceTree = "<group>"; };
		C0F5315329C5DBEA00853B8C /* 461_HammingDistance.swift */ = {isa = PBXFileReference; lastKnownFileType = sourcecode.swift; path = 461_HammingDistance.swift; sourceTree = "<group>"; };
		C0F5315529C5DBFD00853B8C /* 66_PlusOne.swift */ = {isa = PBXFileReference; lastKnownFileType = sourcecode.swift; path = 66_PlusOne.swift; sourceTree = "<group>"; };
		C0F5315729C5DC1700853B8C /* 463_IslandPerimeter.swift */ = {isa = PBXFileReference; lastKnownFileType = sourcecode.swift; path = 463_IslandPerimeter.swift; sourceTree = "<group>"; };
		C0F5316F29C8C87E00853B8C /* 15_3Sum.swift */ = {isa = PBXFileReference; lastKnownFileType = sourcecode.swift; path = 15_3Sum.swift; sourceTree = "<group>"; };
		C0F5317129C8C96300853B8C /* 662_MaximumWidthOfBinaryTree.swift */ = {isa = PBXFileReference; lastKnownFileType = sourcecode.swift; path = 662_MaximumWidthOfBinaryTree.swift; sourceTree = "<group>"; };
/* End PBXFileReference section */

/* Begin PBXFrameworksBuildPhase section */
		C035679229B6F5BD00C16DFA /* Frameworks */ = {
			isa = PBXFrameworksBuildPhase;
			buildActionMask = 2147483647;
			files = (
			);
			runOnlyForDeploymentPostprocessing = 0;
		};
/* End PBXFrameworksBuildPhase section */

/* Begin PBXGroup section */
		C035678C29B6F5BD00C16DFA = {
			isa = PBXGroup;
			children = (
				C035679729B6F5BD00C16DFA /* 30Plus */,
				C035679629B6F5BD00C16DFA /* Products */,
			);
			sourceTree = "<group>";
		};
		C035679629B6F5BD00C16DFA /* Products */ = {
			isa = PBXGroup;
			children = (
				C035679529B6F5BD00C16DFA /* 30Plus */,
			);
			name = Products;
			sourceTree = "<group>";
		};
		C035679729B6F5BD00C16DFA /* 30Plus */ = {
			isa = PBXGroup;
			children = (
				C035679829B6F5BD00C16DFA /* main.swift */,
				C035679F29B6F5D500C16DFA /* Utilities */,
				C03567A729B6F74500C16DFA /* DS */,
				C03567A229B6F60300C16DFA /* Problems */,
			);
			path = 30Plus;
			sourceTree = "<group>";
		};
		C035679F29B6F5D500C16DFA /* Utilities */ = {
			isa = PBXGroup;
			children = (
				C03567A029B6F5EF00C16DFA /* Example.swift */,
			);
			path = Utilities;
			sourceTree = "<group>";
		};
		C03567A229B6F60300C16DFA /* Problems */ = {
			isa = PBXGroup;
			children = (
				C0F5316F29C8C87E00853B8C /* 15_3Sum.swift */,
				C07FACFD29F2B786001369FD /* 50_Pow(x,n).swift */,
				C0F5315529C5DBFD00853B8C /* 66_PlusOne.swift */,
				C0BDFCF12A0C040E001804B3 /* 67_AddBinary.swift */,
				C0BDFD0F2A0C0B0E001804B3 /* 70_ClimbingStairs.swift */,
				C0C5EDD429E1A83600208705 /* 78_Subsets.swift */,
				C0BDFCF72A0C063C001804B3 /* 79_WordSearch.swift */,
				C0392B9E29E7A6CA00D14C10 /* 100_SameTree.swift */,
				C0BDFCF92A0C06AC001804B3 /* 103_BinaryTreeZigzagLevelOrderTraversal.swift */,
				C0BDFD032A0C0911001804B3 /* 106_ConstructBinaryTreeFromInorderAndPostorderTraversal.swift */,
				C03567A529B6F6F400C16DFA /* 107_BinaryTreeLevelOrderTraversalII.swift */,
				C0BDFD0D2A0C0AB5001804B3 /* 140_WordBreakII.swift */,
				C07FACFB29F2B771001369FD /* 151_ReverseWordsInAString.swift */,
				C0BDFCFF2A0C0835001804B3 /* 154_FindMinimumInRotatedSortedArrayII.swift */,
				C0392B9C29E7A6B300D14C10 /* 190_ReverseBits.swift */,
				C0BDFCF32A0C054C001804B3 /* 203_RemoveLinkedListElements.swift */,
				C0BDFCEF2A0C03A9001804B3 /* 210_CourseScheduleII.swift */,
				C0BDFD012A0C089B001804B3 /* 258_AddDigits.swift */,
				C0BDFCFB2A0C0737001804B3 /* 260_SingleNumberIII.swift */,
				C0F5315129C5DBD600853B8C /* 264_UglyNumberII.swift */,
				C0BDFD072A0C09E6001804B3 /* 309_BestTimeToBuyAndSellStockWithCooldown.swift */,
				C0BDFCED2A0C0330001804B3 /* 347_TopKFrequentElements.swift */,
				C0C5EDD229E1A68500208705 /* 430_FlattenAMultilevelDoublyLinkedList.swift */,
				C03567A329B6F63F00C16DFA /* 441_ArrangingCoins.swift */,
				C0F5315329C5DBEA00853B8C /* 461_HammingDistance.swift */,
				C0F5315729C5DC1700853B8C /* 463_IslandPerimeter.swift */,
				C0BDFD052A0C0978001804B3 /* 621_TaskScheduler.swift */,
				C0F5317129C8C96300853B8C /* 662_MaximumWidthOfBinaryTree.swift */,
				C0BDFCFD2A0C07BD001804B3 /* 797_AllPathsFromSourceToTarget.swift */,
				C03567AE29B6F87800C16DFA /* 957_PrisonCellsAfterNDays.swift */,
				C0392BA029E7A73C00D14C10 /* 1344_AngleBetweenHandsOfAClock.swift */,
			);
			path = Problems;
			sourceTree = "<group>";
		};
		C03567A729B6F74500C16DFA /* DS */ = {
			isa = PBXGroup;
			children = (
				C03567A829B6F76000C16DFA /* TreeNode.swift */,
				C03567AC29B6F81700C16DFA /* Stack.swift */,
				C03567AA29B6F7BE00C16DFA /* Queue.swift */,
				C0BDFCF52A0C0603001804B3 /* ListNode.swift */,
				C0BDFD092A0C0A54001804B3 /* Heap.swift */,
				C0BDFD0B2A0C0A5E001804B3 /* PriorityQueue.swift */,
			);
			path = DS;
			sourceTree = "<group>";
		};
/* End PBXGroup section */

/* Begin PBXNativeTarget section */
		C035679429B6F5BD00C16DFA /* 30Plus */ = {
			isa = PBXNativeTarget;
			buildConfigurationList = C035679C29B6F5BD00C16DFA /* Build configuration list for PBXNativeTarget "30Plus" */;
			buildPhases = (
				C035679129B6F5BD00C16DFA /* Sources */,
				C035679229B6F5BD00C16DFA /* Frameworks */,
				C035679329B6F5BD00C16DFA /* CopyFiles */,
			);
			buildRules = (
			);
			dependencies = (
			);
			name = 30Plus;
			productName = 30Plus;
			productReference = C035679529B6F5BD00C16DFA /* 30Plus */;
			productType = "com.apple.product-type.tool";
		};
/* End PBXNativeTarget section */

/* Begin PBXProject section */
		C035678D29B6F5BD00C16DFA /* Project object */ = {
			isa = PBXProject;
			attributes = {
				BuildIndependentTargetsInParallel = 1;
				LastSwiftUpdateCheck = 1420;
				LastUpgradeCheck = 1420;
				TargetAttributes = {
					C035679429B6F5BD00C16DFA = {
						CreatedOnToolsVersion = 14.2;
					};
				};
			};
			buildConfigurationList = C035679029B6F5BD00C16DFA /* Build configuration list for PBXProject "30Plus" */;
			compatibilityVersion = "Xcode 14.0";
			developmentRegion = en;
			hasScannedForEncodings = 0;
			knownRegions = (
				en,
				Base,
			);
			mainGroup = C035678C29B6F5BD00C16DFA;
			productRefGroup = C035679629B6F5BD00C16DFA /* Products */;
			projectDirPath = "";
			projectRoot = "";
			targets = (
				C035679429B6F5BD00C16DFA /* 30Plus */,
			);
		};
/* End PBXProject section */

/* Begin PBXSourcesBuildPhase section */
		C035679129B6F5BD00C16DFA /* Sources */ = {
			isa = PBXSourcesBuildPhase;
			buildActionMask = 2147483647;
			files = (
				C03567A129B6F5EF00C16DFA /* Example.swift in Sources */,
				C03567AB29B6F7BE00C16DFA /* Queue.swift in Sources */,
				C0C5EDD529E1A83600208705 /* 78_Subsets.swift in Sources */,
				C0392B9F29E7A6CA00D14C10 /* 100_SameTree.swift in Sources */,
				C0BDFD002A0C0835001804B3 /* 154_FindMinimumInRotatedSortedArrayII.swift in Sources */,
				C0BDFCFA2A0C06AC001804B3 /* 103_BinaryTreeZigzagLevelOrderTraversal.swift in Sources */,
				C0F5317029C8C87E00853B8C /* 15_3Sum.swift in Sources */,
				C0BDFCF02A0C03A9001804B3 /* 210_CourseScheduleII.swift in Sources */,
				C0F5315429C5DBEA00853B8C /* 461_HammingDistance.swift in Sources */,
				C0BDFCFC2A0C0737001804B3 /* 260_SingleNumberIII.swift in Sources */,
				C0BDFCF22A0C040E001804B3 /* 67_AddBinary.swift in Sources */,
				C07FACFC29F2B771001369FD /* 151_ReverseWordsInAString.swift in Sources */,
				C0392BA129E7A73C00D14C10 /* 1344_AngleBetweenHandsOfAClock.swift in Sources */,
				C0F5315229C5DBD600853B8C /* 264_UglyNumberII.swift in Sources */,
				C0392B9D29E7A6B300D14C10 /* 190_ReverseBits.swift in Sources */,
				C0C5EDD329E1A68500208705 /* 430_FlattenAMultilevelDoublyLinkedList.swift in Sources */,
				C0F5315829C5DC1700853B8C /* 463_IslandPerimeter.swift in Sources */,
				C0BDFCF82A0C063C001804B3 /* 79_WordSearch.swift in Sources */,
				C0BDFD062A0C0978001804B3 /* 621_TaskScheduler.swift in Sources */,
				C0F5315629C5DBFD00853B8C /* 66_PlusOne.swift in Sources */,
				C0BDFCEE2A0C0330001804B3 /* 347_TopKFrequentElements.swift in Sources */,
				C0BDFD082A0C09E6001804B3 /* 309_BestTimeToBuyAndSellStockWithCooldown.swift in Sources */,
				C03567AD29B6F81700C16DFA /* Stack.swift in Sources */,
				C0BDFD0C2A0C0A5E001804B3 /* PriorityQueue.swift in Sources */,
				C035679929B6F5BD00C16DFA /* main.swift in Sources */,
				C0BDFD042A0C0911001804B3 /* 106_ConstructBinaryTreeFromInorderAndPostorderTraversal.swift in Sources */,
				C03567A629B6F6F400C16DFA /* 107_BinaryTreeLevelOrderTraversalII.swift in Sources */,
				C03567AF29B6F87800C16DFA /* 957_PrisonCellsAfterNDays.swift in Sources */,
				C0BDFD0A2A0C0A54001804B3 /* Heap.swift in Sources */,
				C0BDFD0E2A0C0AB5001804B3 /* 140_WordBreakII.swift in Sources */,
				C03567A929B6F76000C16DFA /* TreeNode.swift in Sources */,
				C0BDFD102A0C0B0E001804B3 /* 70_ClimbingStairs.swift in Sources */,
				C0BDFD022A0C089B001804B3 /* 258_AddDigits.swift in Sources */,
				C0BDFCF62A0C0603001804B3 /* ListNode.swift in Sources */,
				C0F5317229C8C96400853B8C /* 662_MaximumWidthOfBinaryTree.swift in Sources */,
				C0BDFCF42A0C054C001804B3 /* 203_RemoveLinkedListElements.swift in Sources */,
				C0BDFCFE2A0C07BD001804B3 /* 797_AllPathsFromSourceToTarget.swift in Sources */,
				C07FACFE29F2B786001369FD /* 50_Pow(x,n).swift in Sources */,
				C03567A429B6F63F00C16DFA /* 441_ArrangingCoins.swift in Sources */,
			);
			runOnlyForDeploymentPostprocessing = 0;
		};
/* End PBXSourcesBuildPhase section */

/* Begin XCBuildConfiguration section */
		C035679A29B6F5BD00C16DFA /* Debug */ = {
			isa = XCBuildConfiguration;
			buildSettings = {
				ALWAYS_SEARCH_USER_PATHS = NO;
				CLANG_ANALYZER_NONNULL = YES;
				CLANG_ANALYZER_NUMBER_OBJECT_CONVERSION = YES_AGGRESSIVE;
				CLANG_CXX_LANGUAGE_STANDARD = "gnu++20";
				CLANG_ENABLE_MODULES = YES;
				CLANG_ENABLE_OBJC_ARC = YES;
				CLANG_ENABLE_OBJC_WEAK = YES;
				CLANG_WARN_BLOCK_CAPTURE_AUTORELEASING = YES;
				CLANG_WARN_BOOL_CONVERSION = YES;
				CLANG_WARN_COMMA = YES;
				CLANG_WARN_CONSTANT_CONVERSION = YES;
				CLANG_WARN_DEPRECATED_OBJC_IMPLEMENTATIONS = YES;
				CLANG_WARN_DIRECT_OBJC_ISA_USAGE = YES_ERROR;
				CLANG_WARN_DOCUMENTATION_COMMENTS = YES;
				CLANG_WARN_EMPTY_BODY = YES;
				CLANG_WARN_ENUM_CONVERSION = YES;
				CLANG_WARN_INFINITE_RECURSION = YES;
				CLANG_WARN_INT_CONVERSION = YES;
				CLANG_WARN_NON_LITERAL_NULL_CONVERSION = YES;
				CLANG_WARN_OBJC_IMPLICIT_RETAIN_SELF = YES;
				CLANG_WARN_OBJC_LITERAL_CONVERSION = YES;
				CLANG_WARN_OBJC_ROOT_CLASS = YES_ERROR;
				CLANG_WARN_QUOTED_INCLUDE_IN_FRAMEWORK_HEADER = YES;
				CLANG_WARN_RANGE_LOOP_ANALYSIS = YES;
				CLANG_WARN_STRICT_PROTOTYPES = YES;
				CLANG_WARN_SUSPICIOUS_MOVE = YES;
				CLANG_WARN_UNGUARDED_AVAILABILITY = YES_AGGRESSIVE;
				CLANG_WARN_UNREACHABLE_CODE = YES;
				CLANG_WARN__DUPLICATE_METHOD_MATCH = YES;
				COPY_PHASE_STRIP = NO;
				DEBUG_INFORMATION_FORMAT = dwarf;
				ENABLE_STRICT_OBJC_MSGSEND = YES;
				ENABLE_TESTABILITY = YES;
				GCC_C_LANGUAGE_STANDARD = gnu11;
				GCC_DYNAMIC_NO_PIC = NO;
				GCC_NO_COMMON_BLOCKS = YES;
				GCC_OPTIMIZATION_LEVEL = 0;
				GCC_PREPROCESSOR_DEFINITIONS = (
					"DEBUG=1",
					"$(inherited)",
				);
				GCC_WARN_64_TO_32_BIT_CONVERSION = YES;
				GCC_WARN_ABOUT_RETURN_TYPE = YES_ERROR;
				GCC_WARN_UNDECLARED_SELECTOR = YES;
				GCC_WARN_UNINITIALIZED_AUTOS = YES_AGGRESSIVE;
				GCC_WARN_UNUSED_FUNCTION = YES;
				GCC_WARN_UNUSED_VARIABLE = YES;
				MACOSX_DEPLOYMENT_TARGET = 12.5;
				MTL_ENABLE_DEBUG_INFO = INCLUDE_SOURCE;
				MTL_FAST_MATH = YES;
				ONLY_ACTIVE_ARCH = YES;
				SDKROOT = macosx;
				SWIFT_ACTIVE_COMPILATION_CONDITIONS = DEBUG;
				SWIFT_OPTIMIZATION_LEVEL = "-Onone";
			};
			name = Debug;
		};
		C035679B29B6F5BD00C16DFA /* Release */ = {
			isa = XCBuildConfiguration;
			buildSettings = {
				ALWAYS_SEARCH_USER_PATHS = NO;
				CLANG_ANALYZER_NONNULL = YES;
				CLANG_ANALYZER_NUMBER_OBJECT_CONVERSION = YES_AGGRESSIVE;
				CLANG_CXX_LANGUAGE_STANDARD = "gnu++20";
				CLANG_ENABLE_MODULES = YES;
				CLANG_ENABLE_OBJC_ARC = YES;
				CLANG_ENABLE_OBJC_WEAK = YES;
				CLANG_WARN_BLOCK_CAPTURE_AUTORELEASING = YES;
				CLANG_WARN_BOOL_CONVERSION = YES;
				CLANG_WARN_COMMA = YES;
				CLANG_WARN_CONSTANT_CONVERSION = YES;
				CLANG_WARN_DEPRECATED_OBJC_IMPLEMENTATIONS = YES;
				CLANG_WARN_DIRECT_OBJC_ISA_USAGE = YES_ERROR;
				CLANG_WARN_DOCUMENTATION_COMMENTS = YES;
				CLANG_WARN_EMPTY_BODY = YES;
				CLANG_WARN_ENUM_CONVERSION = YES;
				CLANG_WARN_INFINITE_RECURSION = YES;
				CLANG_WARN_INT_CONVERSION = YES;
				CLANG_WARN_NON_LITERAL_NULL_CONVERSION = YES;
				CLANG_WARN_OBJC_IMPLICIT_RETAIN_SELF = YES;
				CLANG_WARN_OBJC_LITERAL_CONVERSION = YES;
				CLANG_WARN_OBJC_ROOT_CLASS = YES_ERROR;
				CLANG_WARN_QUOTED_INCLUDE_IN_FRAMEWORK_HEADER = YES;
				CLANG_WARN_RANGE_LOOP_ANALYSIS = YES;
				CLANG_WARN_STRICT_PROTOTYPES = YES;
				CLANG_WARN_SUSPICIOUS_MOVE = YES;
				CLANG_WARN_UNGUARDED_AVAILABILITY = YES_AGGRESSIVE;
				CLANG_WARN_UNREACHABLE_CODE = YES;
				CLANG_WARN__DUPLICATE_METHOD_MATCH = YES;
				COPY_PHASE_STRIP = NO;
				DEBUG_INFORMATION_FORMAT = "dwarf-with-dsym";
				ENABLE_NS_ASSERTIONS = NO;
				ENABLE_STRICT_OBJC_MSGSEND = YES;
				GCC_C_LANGUAGE_STANDARD = gnu11;
				GCC_NO_COMMON_BLOCKS = YES;
				GCC_WARN_64_TO_32_BIT_CONVERSION = YES;
				GCC_WARN_ABOUT_RETURN_TYPE = YES_ERROR;
				GCC_WARN_UNDECLARED_SELECTOR = YES;
				GCC_WARN_UNINITIALIZED_AUTOS = YES_AGGRESSIVE;
				GCC_WARN_UNUSED_FUNCTION = YES;
				GCC_WARN_UNUSED_VARIABLE = YES;
				MACOSX_DEPLOYMENT_TARGET = 12.5;
				MTL_ENABLE_DEBUG_INFO = NO;
				MTL_FAST_MATH = YES;
				SDKROOT = macosx;
				SWIFT_COMPILATION_MODE = wholemodule;
				SWIFT_OPTIMIZATION_LEVEL = "-O";
			};
			name = Release;
		};
		C035679D29B6F5BD00C16DFA /* Debug */ = {
			isa = XCBuildConfiguration;
			buildSettings = {
				CODE_SIGN_STYLE = Automatic;
				DEVELOPMENT_TEAM = NCGTM97MB7;
				ENABLE_HARDENED_RUNTIME = YES;
				PRODUCT_NAME = "$(TARGET_NAME)";
				SWIFT_VERSION = 5.0;
			};
			name = Debug;
		};
		C035679E29B6F5BD00C16DFA /* Release */ = {
			isa = XCBuildConfiguration;
			buildSettings = {
				CODE_SIGN_STYLE = Automatic;
				DEVELOPMENT_TEAM = NCGTM97MB7;
				ENABLE_HARDENED_RUNTIME = YES;
				PRODUCT_NAME = "$(TARGET_NAME)";
				SWIFT_VERSION = 5.0;
			};
			name = Release;
		};
/* End XCBuildConfiguration section */

/* Begin XCConfigurationList section */
		C035679029B6F5BD00C16DFA /* Build configuration list for PBXProject "30Plus" */ = {
			isa = XCConfigurationList;
			buildConfigurations = (
				C035679A29B6F5BD00C16DFA /* Debug */,
				C035679B29B6F5BD00C16DFA /* Release */,
			);
			defaultConfigurationIsVisible = 0;
			defaultConfigurationName = Release;
		};
		C035679C29B6F5BD00C16DFA /* Build configuration list for PBXNativeTarget "30Plus" */ = {
			isa = XCConfigurationList;
			buildConfigurations = (
				C035679D29B6F5BD00C16DFA /* Debug */,
				C035679E29B6F5BD00C16DFA /* Release */,
			);
			defaultConfigurationIsVisible = 0;
			defaultConfigurationName = Release;
		};
/* End XCConfigurationList section */
	};
	rootObject = C035678D29B6F5BD00C16DFA /* Project object */;
}
